
Microsoft Visual Studio Solution File, Format Version 12.00
# Visual Studio Version 16
VisualStudioVersion = 16.0.30330.147
MinimumVisualStudioVersion = 10.0.40219.1
Project("{FAE04EC0-301F-11D3-BF4B-00C04F79EFBC}") = "Assignment15", "Assignment15\Assignment15.csproj", "{0383BEA3-75B6-46B3-9797-D51B6E1FA527}"
EndProject
Project("{FAE04EC0-301F-11D3-BF4B-00C04F79EFBC}") = "MyDictionaryTest", "XUnitTestProject1\MyDictionaryTest.csproj", "{940944E4-40F2-4980-A113-046D58A1B2AD}"
EndProject
Project("{FAE04EC0-301F-11D3-BF4B-00C04F79EFBC}") = "DictionaryLibrary", "ClassLibrary1\DictionaryLibrary.csproj", "{A7B82B90-4098-4C8C-979B-5059978169B2}"
EndProject
Global
	GlobalSection(SolutionConfigurationPlatforms) = preSolution
		Debug|Any CPU = Debug|Any CPU
		Release|Any CPU = Release|Any CPU
	EndGlobalSection
	GlobalSection(ProjectConfigurationPlatforms) = postSolution
		{0383BEA3-75B6-46B3-9797-D51B6E1FA527}.Debug|Any CPU.ActiveCfg = Debug|Any CPU
		{0383BEA3-75B6-46B3-9797-D51B6E1FA527}.Debug|Any CPU.Build.0 = Debug|Any CPU
		{0383BEA3-75B6-46B3-9797-D51B6E1FA527}.Release|Any CPU.ActiveCfg = Release|Any CPU
		{0383BEA3-75B6-46B3-9797-D51B6E1FA527}.Release|Any CPU.Build.0 = Release|Any CPU
		{940944E4-40F2-4980-A113-046D58A1B2AD}.Debug|Any CPU.ActiveCfg = Debug|Any CPU
		{940944E4-40F2-4980-A113-046D58A1B2AD}.Debug|Any CPU.Build.0 = Debug|Any CPU
		{940944E4-40F2-4980-A113-046D58A1B2AD}.Release|Any CPU.ActiveCfg = Release|Any CPU
		{940944E4-40F2-4980-A113-046D58A1B2AD}.Release|Any CPU.Build.0 = Release|Any CPU
		{A7B82B90-4098-4C8C-979B-5059978169B2}.Debug|Any CPU.ActiveCfg = Debug|Any CPU
		{A7B82B90-4098-4C8C-979B-5059978169B2}.Debug|Any CPU.Build.0 = Debug|Any CPU
		{A7B82B90-4098-4C8C-979B-5059978169B2}.Release|Any CPU.ActiveCfg = Release|Any CPU
		{A7B82B90-4098-4C8C-979B-5059978169B2}.Release|Any CPU.Build.0 = Release|Any CPU
	EndGlobalSection
	GlobalSection(SolutionProperties) = preSolution
		HideSolutionNode = FALSE
	EndGlobalSection
	GlobalSection(ExtensibilityGlobals) = postSolution
		SolutionGuid = {B784A33D-A190-40BC-84A9-AB9185BF6005}
	EndGlobalSection
EndGlobal
